
Microsoft Visual Studio Solution File, Format Version 12.00
# Visual Studio Version 16
VisualStudioVersion = 16.0.31321.278
MinimumVisualStudioVersion = 10.0.40219.1
Project("{FAE04EC0-301F-11D3-BF4B-00C04F79EFBC}") = "P3", "P3\P3.csproj", "{5AFE7719-41D6-45A0-8496-83B17BB2939A}"
EndProject
Global
	GlobalSection(SolutionConfigurationPlatforms) = preSolution
		Debug|Any CPU = Debug|Any CPU
		Release|Any CPU = Release|Any CPU
	EndGlobalSection
	GlobalSection(ProjectConfigurationPlatforms) = postSolution
		{5AFE7719-41D6-45A0-8496-83B17BB2939A}.Debug|Any CPU.ActiveCfg = Debug|Any CPU
		{5AFE7719-41D6-45A0-8496-83B17BB2939A}.Debug|Any CPU.Build.0 = Debug|Any CPU
		{5AFE7719-41D6-45A0-8496-83B17BB2939A}.Release|Any CPU.ActiveCfg = Release|Any CPU
		{5AFE7719-41D6-45A0-8496-83B17BB2939A}.Release|Any CPU.Build.0 = Release|Any CPU
	EndGlobalSection
	GlobalSection(SolutionProperties) = preSolution
		HideSolutionNode = FALSE
	EndGlobalSection
	GlobalSection(ExtensibilityGlobals) = postSolution
		SolutionGuid = {33C9489A-A993-4C51-A6C4-34AE64BB75CF}
	EndGlobalSection
EndGlobal
